Microsoft Visual Studio Solution File, Format Version 12.00
# Visual Studio Version 17
VisualStudioVersion = 17.5.2.0
MinimumVisualStudioVersion = 10.0.40219.1
Project("{FAE04EC0-301F-11D3-BF4B-00C04F79EFBC}") = "ground_and_go", "ground_and_go.csproj", "{3D0D9247-22CF-8DB3-25C8-670C5BA3E39B}"
EndProject
Global
	GlobalSection(SolutionConfigurationPlatforms) = preSolution
		Debug|Any CPU = Debug|Any CPU
		Release|Any CPU = Release|Any CPU
	EndGlobalSection
	GlobalSection(ProjectConfigurationPlatforms) = postSolution
		{3D0D9247-22CF-8DB3-25C8-670C5BA3E39B}.Debug|Any CPU.ActiveCfg = Debug|Any CPU
		{3D0D9247-22CF-8DB3-25C8-670C5BA3E39B}.Debug|Any CPU.Build.0 = Debug|Any CPU
		{3D0D9247-22CF-8DB3-25C8-670C5BA3E39B}.Release|Any CPU.ActiveCfg = Release|Any CPU
		{3D0D9247-22CF-8DB3-25C8-670C5BA3E39B}.Release|Any CPU.Build.0 = Release|Any CPU
	EndGlobalSection
	GlobalSection(SolutionProperties) = preSolution
		HideSolutionNode = FALSE
	EndGlobalSection
	GlobalSection(ExtensibilityGlobals) = postSolution
		SolutionGuid = {E698D3C4-2C93-401E-B614-7E35A62A839E}
	EndGlobalSection
EndGlobal
